// !$*UTF8*$!
{
	archiveVersion = 1;
	classes = {
	};
	objectVersion = 48;
	objects = {

/* Begin PBXBuildFile section */
		65548113F968BC54EC459CFF /* libPods-smim-iOS.a in Frameworks */ = {isa = PBXBuildFile; fileRef = 9848D2BEBED08A4C3693BDD6 /* libPods-smim-iOS.a */; };
		8CB139042AE57FAD91EF585D /* libPods-smim-iOSUITests.a in Frameworks */ = {isa = PBXBuildFile; fileRef = 5B9B99363328AA9A3987CCDB /* libPods-smim-iOSUITests.a */; };
		9FA7DA1FCF1115364C182682 /* libPods-smim-iOSTests.a in Frameworks */ = {isa = PBXBuildFile; fileRef = BB79164EBA3BE3AF9BE56FE2 /* libPods-smim-iOSTests.a */; };
		CAEDCBF41FA70E58005B2F01 /* AppDelegate.m in Sources */ = {isa = PBXBuildFile; fileRef = CAEDCBF31FA70E58005B2F01 /* AppDelegate.m */; };
		CAEDCBF71FA70E58005B2F01 /* ViewController.m in Sources */ = {isa = PBXBuildFile; fileRef = CAEDCBF61FA70E58005B2F01 /* ViewController.m */; };
		CAEDCBFA1FA70E58005B2F01 /* Main.storyboard in Resources */ = {isa = PBXBuildFile; fileRef = CAEDCBF81FA70E58005B2F01 /* Main.storyboard */; };
		CAEDCBFC1FA70E58005B2F01 /* Assets.xcassets in Resources */ = {isa = PBXBuildFile; fileRef = CAEDCBFB1FA70E58005B2F01 /* Assets.xcassets */; };
		CAEDCBFF1FA70E58005B2F01 /* LaunchScreen.storyboard in Resources */ = {isa = PBXBuildFile; fileRef = CAEDCBFD1FA70E58005B2F01 /* LaunchScreen.storyboard */; };
		CAEDCC021FA70E58005B2F01 /* main.m in Sources */ = {isa = PBXBuildFile; fileRef = CAEDCC011FA70E58005B2F01 /* main.m */; };
		CAEDCC0C1FA70E58005B2F01 /* smim_iOSTests.m in Sources */ = {isa = PBXBuildFile; fileRef = CAEDCC0B1FA70E58005B2F01 /* smim_iOSTests.m */; };
		CAEDCC171FA70E58005B2F01 /* smim_iOSUITests.m in Sources */ = {isa = PBXBuildFile; fileRef = CAEDCC161FA70E58005B2F01 /* smim_iOSUITests.m */; };
		CAEDCC251FA7104E005B2F01 /* README.md in Resources */ = {isa = PBXBuildFile; fileRef = CAEDCC241FA7104E005B2F01 /* README.md */; };
		CAEDCC2C1FA710C9005B2F01 /* SMLoginViewController.m in Sources */ = {isa = PBXBuildFile; fileRef = CAEDCC2B1FA710C9005B2F01 /* SMLoginViewController.m */; };
/* End PBXBuildFile section */

/* Begin PBXContainerItemProxy section */
		CAEDCC081FA70E58005B2F01 /* PBXContainerItemProxy */ = {
			isa = PBXContainerItemProxy;
			containerPortal = CAEDCBE71FA70E58005B2F01 /* Project object */;
			proxyType = 1;
			remoteGlobalIDString = CAEDCBEE1FA70E58005B2F01;
			remoteInfo = "smim-iOS";
		};
		CAEDCC131FA70E58005B2F01 /* PBXContainerItemProxy */ = {
			isa = PBXContainerItemProxy;
			containerPortal = CAEDCBE71FA70E58005B2F01 /* Project object */;
			proxyType = 1;
			remoteGlobalIDString = CAEDCBEE1FA70E58005B2F01;
			remoteInfo = "smim-iOS";
		};
/* End PBXContainerItemProxy section */

/* Begin PBXFileReference section */
		5B9B99363328AA9A3987CCDB /* libPods-smim-iOSUITests.a */ = {isa = PBXFileReference; explicitFileType = archive.ar; includeInIndex = 0; path = "libPods-smim-iOSUITests.a"; sourceTree = BUILT_PRODUCTS_DIR; };
		64B7D6658F448C0E52000968 /* Pods-smim-iOS.release.xcconfig */ = {isa = PBXFileReference; includeInIndex = 1; lastKnownFileType = text.xcconfig; name = "Pods-smim-iOS.release.xcconfig"; path = "Pods/Target Support Files/Pods-smim-iOS/Pods-smim-iOS.release.xcconfig"; sourceTree = "<group>"; };
		9848D2BEBED08A4C3693BDD6 /* libPods-smim-iOS.a */ = {isa = PBXFileReference; explicitFileType = archive.ar; includeInIndex = 0; path = "libPods-smim-iOS.a"; sourceTree = BUILT_PRODUCTS_DIR; };
		9E360962F9A47D2EB537984B /* Pods-smim-iOSUITests.debug.xcconfig */ = {isa = PBXFileReference; includeInIndex = 1; lastKnownFileType = text.xcconfig; name = "Pods-smim-iOSUITests.debug.xcconfig"; path = "Pods/Target Support Files/Pods-smim-iOSUITests/Pods-smim-iOSUITests.debug.xcconfig"; sourceTree = "<group>"; };
		B543811A86400D8514604EB8 /* Pods-smim-iOSTests.debug.xcconfig */ = {isa = PBXFileReference; includeInIndex = 1; lastKnownFileType = text.xcconfig; name = "Pods-smim-iOSTests.debug.xcconfig"; path = "Pods/Target Support Files/Pods-smim-iOSTests/Pods-smim-iOSTests.debug.xcconfig"; sourceTree = "<group>"; };
		BB79164EBA3BE3AF9BE56FE2 /* libPods-smim-iOSTests.a */ = {isa = PBXFileReference; explicitFileType = archive.ar; includeInIndex = 0; path = "libPods-smim-iOSTests.a"; sourceTree = BUILT_PRODUCTS_DIR; };
		CAEDCBEF1FA70E58005B2F01 /* smim-iOS.app */ = {isa = PBXFileReference; explicitFileType = wrapper.application; includeInIndex = 0; path = "smim-iOS.app"; sourceTree = BUILT_PRODUCTS_DIR; };
		CAEDCBF21FA70E58005B2F01 /* AppDelegate.h */ = {isa = PBXFileReference; lastKnownFileType = sourcecode.c.h; path = AppDelegate.h; sourceTree = "<group>"; };
		CAEDCBF31FA70E58005B2F01 /* AppDelegate.m */ = {isa = PBXFileReference; lastKnownFileType = sourcecode.c.objc; path = AppDelegate.m; sourceTree = "<group>"; };
		CAEDCBF51FA70E58005B2F01 /* ViewController.h */ = {isa = PBXFileReference; lastKnownFileType = sourcecode.c.h; path = ViewController.h; sourceTree = "<group>"; };
		CAEDCBF61FA70E58005B2F01 /* ViewController.m */ = {isa = PBXFileReference; lastKnownFileType = sourcecode.c.objc; path = ViewController.m; sourceTree = "<group>"; };
		CAEDCBF91FA70E58005B2F01 /* Base */ = {isa = PBXFileReference; lastKnownFileType = file.storyboard; name = Base; path = Base.lproj/Main.storyboard; sourceTree = "<group>"; };
		CAEDCBFB1FA70E58005B2F01 /* Assets.xcassets */ = {isa = PBXFileReference; lastKnownFileType = folder.assetcatalog; path = Assets.xcassets; sourceTree = "<group>"; };
		CAEDCBFE1FA70E58005B2F01 /* Base */ = {isa = PBXFileReference; lastKnownFileType = file.storyboard; name = Base; path = Base.lproj/LaunchScreen.storyboard; sourceTree = "<group>"; };
		CAEDCC001FA70E58005B2F01 /* Info.plist */ = {isa = PBXFileReference; lastKnownFileType = text.plist.xml; path = Info.plist; sourceTree = "<group>"; };
		CAEDCC011FA70E58005B2F01 /* main.m */ = {isa = PBXFileReference; lastKnownFileType = sourcecode.c.objc; path = main.m; sourceTree = "<group>"; };
		CAEDCC071FA70E58005B2F01 /* smim-iOSTests.xctest */ = {isa = PBXFileReference; explicitFileType = wrapper.cfbundle; includeInIndex = 0; path = "smim-iOSTests.xctest"; sourceTree = BUILT_PRODUCTS_DIR; };
		CAEDCC0B1FA70E58005B2F01 /* smim_iOSTests.m */ = {isa = PBXFileReference; lastKnownFileType = sourcecode.c.objc; path = smim_iOSTests.m; sourceTree = "<group>"; };
		CAEDCC0D1FA70E58005B2F01 /* Info.plist */ = {isa = PBXFileReference; lastKnownFileType = text.plist.xml; path = Info.plist; sourceTree = "<group>"; };
		CAEDCC121FA70E58005B2F01 /* smim-iOSUITests.xctest */ = {isa = PBXFileReference; explicitFileType = wrapper.cfbundle; includeInIndex = 0; path = "smim-iOSUITests.xctest"; sourceTree = BUILT_PRODUCTS_DIR; };
		CAEDCC161FA70E58005B2F01 /* smim_iOSUITests.m */ = {isa = PBXFileReference; lastKnownFileType = sourcecode.c.objc; path = smim_iOSUITests.m; sourceTree = "<group>"; };
		CAEDCC181FA70E58005B2F01 /* Info.plist */ = {isa = PBXFileReference; lastKnownFileType = text.plist.xml; path = Info.plist; sourceTree = "<group>"; };
		CAEDCC241FA7104E005B2F01 /* README.md */ = {isa = PBXFileReference; fileEncoding = 4; lastKnownFileType = net.daringfireball.markdown; path = README.md; sourceTree = "<group>"; };
		CAEDCC2A1FA710C9005B2F01 /* SMLoginViewController.h */ = {isa = PBXFileReference; lastKnownFileType = sourcecode.c.h; path = SMLoginViewController.h; sourceTree = "<group>"; };
		CAEDCC2B1FA710C9005B2F01 /* SMLoginViewController.m */ = {isa = PBXFileReference; lastKnownFileType = sourcecode.c.objc; path = SMLoginViewController.m; sourceTree = "<group>"; };
		D0576087E6B3E32AD86DE46B /* Pods-smim-iOSUITests.release.xcconfig */ = {isa = PBXFileReference; includeInIndex = 1; lastKnownFileType = text.xcconfig; name = "Pods-smim-iOSUITests.release.xcconfig"; path = "Pods/Target Support Files/Pods-smim-iOSUITests/Pods-smim-iOSUITests.release.xcconfig"; sourceTree = "<group>"; };
		D9F5AB4D617719F63D91DC13 /* Pods-smim-iOS.debug.xcconfig */ = {isa = PBXFileReference; includeInIndex = 1; lastKnownFileType = text.xcconfig; name = "Pods-smim-iOS.debug.xcconfig"; path = "Pods/Target Support Files/Pods-smim-iOS/Pods-smim-iOS.debug.xcconfig"; sourceTree = "<group>"; };
		E0B86DC548AAC6A419A18201 /* Pods-smim-iOSTests.release.xcconfig */ = {isa = PBXFileReference; includeInIndex = 1; lastKnownFileType = text.xcconfig; name = "Pods-smim-iOSTests.release.xcconfig"; path = "Pods/Target Support Files/Pods-smim-iOSTests/Pods-smim-iOSTests.release.xcconfig"; sourceTree = "<group>"; };
/* End PBXFileReference section */

/* Begin PBXFrameworksBuildPhase section */
		CAEDCBEC1FA70E58005B2F01 /* Frameworks */ = {
			isa = PBXFrameworksBuildPhase;
			buildActionMask = 2147483647;
			files = (
				65548113F968BC54EC459CFF /* libPods-smim-iOS.a in Frameworks */,
			);
			runOnlyForDeploymentPostprocessing = 0;
		};
		CAEDCC041FA70E58005B2F01 /* Frameworks */ = {
			isa = PBXFrameworksBuildPhase;
			buildActionMask = 2147483647;
			files = (
				9FA7DA1FCF1115364C182682 /* libPods-smim-iOSTests.a in Frameworks */,
			);
			runOnlyForDeploymentPostprocessing = 0;
		};
		CAEDCC0F1FA70E58005B2F01 /* Frameworks */ = {
			isa = PBXFrameworksBuildPhase;
			buildActionMask = 2147483647;
			files = (
				8CB139042AE57FAD91EF585D /* libPods-smim-iOSUITests.a in Frameworks */,
			);
			runOnlyForDeploymentPostprocessing = 0;
		};
/* End PBXFrameworksBuildPhase section */

/* Begin PBXGroup section */
		14C102F9FBA0A7A22132F974 /* Pods */ = {
			isa = PBXGroup;
			children = (
				D9F5AB4D617719F63D91DC13 /* Pods-smim-iOS.debug.xcconfig */,
				64B7D6658F448C0E52000968 /* Pods-smim-iOS.release.xcconfig */,
				B543811A86400D8514604EB8 /* Pods-smim-iOSTests.debug.xcconfig */,
				E0B86DC548AAC6A419A18201 /* Pods-smim-iOSTests.release.xcconfig */,
				9E360962F9A47D2EB537984B /* Pods-smim-iOSUITests.debug.xcconfig */,
				D0576087E6B3E32AD86DE46B /* Pods-smim-iOSUITests.release.xcconfig */,
			);
			name = Pods;
			sourceTree = "<group>";
		};
		CAEDCBE61FA70E58005B2F01 = {
			isa = PBXGroup;
			children = (
				CAEDCC241FA7104E005B2F01 /* README.md */,
				CAEDCBF11FA70E58005B2F01 /* smim-iOS */,
				CAEDCC0A1FA70E58005B2F01 /* smim-iOSTests */,
				CAEDCC151FA70E58005B2F01 /* smim-iOSUITests */,
				CAEDCBF01FA70E58005B2F01 /* Products */,
				14C102F9FBA0A7A22132F974 /* Pods */,
				F06C30C6A9A61B9DEBD7DEFB /* Frameworks */,
			);
			sourceTree = "<group>";
		};
		CAEDCBF01FA70E58005B2F01 /* Products */ = {
			isa = PBXGroup;
			children = (
				CAEDCBEF1FA70E58005B2F01 /* smim-iOS.app */,
				CAEDCC071FA70E58005B2F01 /* smim-iOSTests.xctest */,
				CAEDCC121FA70E58005B2F01 /* smim-iOSUITests.xctest */,
			);
			name = Products;
			sourceTree = "<group>";
		};
		CAEDCBF11FA70E58005B2F01 /* smim-iOS */ = {
			isa = PBXGroup;
			children = (
				CAEDCC281FA71094005B2F01 /* ViewControllers */,
				CAEDCBF21FA70E58005B2F01 /* AppDelegate.h */,
				CAEDCBF31FA70E58005B2F01 /* AppDelegate.m */,
				CAEDCBFB1FA70E58005B2F01 /* Assets.xcassets */,
				CAEDCBFD1FA70E58005B2F01 /* LaunchScreen.storyboard */,
				CAEDCC001FA70E58005B2F01 /* Info.plist */,
				CAEDCC011FA70E58005B2F01 /* main.m */,
				CAEDCC261FA71070005B2F01 /* Support */,
			);
			path = "smim-iOS";
			sourceTree = "<group>";
		};
		CAEDCC0A1FA70E58005B2F01 /* smim-iOSTests */ = {
			isa = PBXGroup;
			children = (
				CAEDCC0B1FA70E58005B2F01 /* smim_iOSTests.m */,
				CAEDCC0D1FA70E58005B2F01 /* Info.plist */,
			);
			path = "smim-iOSTests";
			sourceTree = "<group>";
		};
		CAEDCC151FA70E58005B2F01 /* smim-iOSUITests */ = {
			isa = PBXGroup;
			children = (
				CAEDCC161FA70E58005B2F01 /* smim_iOSUITests.m */,
				CAEDCC181FA70E58005B2F01 /* Info.plist */,
			);
			path = "smim-iOSUITests";
			sourceTree = "<group>";
		};
		CAEDCC261FA71070005B2F01 /* Support */ = {
			isa = PBXGroup;
			children = (
				CAEDCC271FA7107B005B2F01 /* StoryBoards */,
			);
			path = Support;
			sourceTree = "<group>";
		};
		CAEDCC271FA7107B005B2F01 /* StoryBoards */ = {
			isa = PBXGroup;
			children = (
				CAEDCBF81FA70E58005B2F01 /* Main.storyboard */,
			);
			path = StoryBoards;
			sourceTree = "<group>";
		};
		CAEDCC281FA71094005B2F01 /* ViewControllers */ = {
			isa = PBXGroup;
			children = (
				CAEDCC291FA710AB005B2F01 /* Login */,
				CAEDCBF51FA70E58005B2F01 /* ViewController.h */,
				CAEDCBF61FA70E58005B2F01 /* ViewController.m */,
			);
			path = ViewControllers;
			sourceTree = "<group>";
		};
		CAEDCC291FA710AB005B2F01 /* Login */ = {
			isa = PBXGroup;
			children = (
				CAEDCC2A1FA710C9005B2F01 /* SMLoginViewController.h */,
				CAEDCC2B1FA710C9005B2F01 /* SMLoginViewController.m */,
			);
			path = Login;
			sourceTree = "<group>";
		};
		F06C30C6A9A61B9DEBD7DEFB /* Frameworks */ = {
			isa = PBXGroup;
			children = (
				9848D2BEBED08A4C3693BDD6 /* libPods-smim-iOS.a */,
				BB79164EBA3BE3AF9BE56FE2 /* libPods-smim-iOSTests.a */,
				5B9B99363328AA9A3987CCDB /* libPods-smim-iOSUITests.a */,
			);
			name = Frameworks;
			sourceTree = "<group>";
		};
/* End PBXGroup section */

/* Begin PBXNativeTarget section */
		CAEDCBEE1FA70E58005B2F01 /* smim-iOS */ = {
			isa = PBXNativeTarget;
			buildConfigurationList = CAEDCC1B1FA70E58005B2F01 /* Build configuration list for PBXNativeTarget "smim-iOS" */;
			buildPhases = (
				959CCA372FFD6A723459187D /* [CP] Check Pods Manifest.lock */,
				CAEDCBEB1FA70E58005B2F01 /* Sources */,
				CAEDCBEC1FA70E58005B2F01 /* Frameworks */,
				CAEDCBED1FA70E58005B2F01 /* Resources */,
				CF32A56D3527299D7A3A022F /* [CP] Embed Pods Frameworks */,
				1627ABBF6145351AA6141A49 /* [CP] Copy Pods Resources */,
			);
			buildRules = (
			);
			dependencies = (
			);
			name = "smim-iOS";
			productName = "smim-iOS";
			productReference = CAEDCBEF1FA70E58005B2F01 /* smim-iOS.app */;
			productType = "com.apple.product-type.application";
		};
		CAEDCC061FA70E58005B2F01 /* smim-iOSTests */ = {
			isa = PBXNativeTarget;
			buildConfigurationList = CAEDCC1E1FA70E58005B2F01 /* Build configuration list for PBXNativeTarget "smim-iOSTests" */;
			buildPhases = (
				A1FD859BDC7643F20A41E15E /* [CP] Check Pods Manifest.lock */,
				CAEDCC031FA70E58005B2F01 /* Sources */,
				CAEDCC041FA70E58005B2F01 /* Frameworks */,
				CAEDCC051FA70E58005B2F01 /* Resources */,
				9990C4C65E95E9E50E437BCC /* [CP] Embed Pods Frameworks */,
				569D79B1F9727AA750F00810 /* [CP] Copy Pods Resources */,
			);
			buildRules = (
			);
			dependencies = (
				CAEDCC091FA70E58005B2F01 /* PBXTargetDependency */,
			);
			name = "smim-iOSTests";
			productName = "smim-iOSTests";
			productReference = CAEDCC071FA70E58005B2F01 /* smim-iOSTests.xctest */;
			productType = "com.apple.product-type.bundle.unit-test";
		};
		CAEDCC111FA70E58005B2F01 /* smim-iOSUITests */ = {
			isa = PBXNativeTarget;
			buildConfigurationList = CAEDCC211FA70E58005B2F01 /* Build configuration list for PBXNativeTarget "smim-iOSUITests" */;
			buildPhases = (
				1DE42BD25084B7538575EA9A /* [CP] Check Pods Manifest.lock */,
				CAEDCC0E1FA70E58005B2F01 /* Sources */,
				CAEDCC0F1FA70E58005B2F01 /* Frameworks */,
				CAEDCC101FA70E58005B2F01 /* Resources */,
				4104E6512FA70F570EBD1138 /* [CP] Embed Pods Frameworks */,
				E16385A5E58D0DE4838A5062 /* [CP] Copy Pods Resources */,
			);
			buildRules = (
			);
			dependencies = (
				CAEDCC141FA70E58005B2F01 /* PBXTargetDependency */,
			);
			name = "smim-iOSUITests";
			productName = "smim-iOSUITests";
			productReference = CAEDCC121FA70E58005B2F01 /* smim-iOSUITests.xctest */;
			productType = "com.apple.product-type.bundle.ui-testing";
		};
/* End PBXNativeTarget section */

/* Begin PBXProject section */
		CAEDCBE71FA70E58005B2F01 /* Project object */ = {
			isa = PBXProject;
			attributes = {
				LastUpgradeCheck = 0900;
				ORGANIZATIONNAME = dechocolate;
				TargetAttributes = {
					CAEDCBEE1FA70E58005B2F01 = {
						CreatedOnToolsVersion = 9.0.1;
						ProvisioningStyle = Automatic;
					};
					CAEDCC061FA70E58005B2F01 = {
						CreatedOnToolsVersion = 9.0.1;
						ProvisioningStyle = Automatic;
						TestTargetID = CAEDCBEE1FA70E58005B2F01;
					};
					CAEDCC111FA70E58005B2F01 = {
						CreatedOnToolsVersion = 9.0.1;
						ProvisioningStyle = Automatic;
						TestTargetID = CAEDCBEE1FA70E58005B2F01;
					};
				};
			};
			buildConfigurationList = CAEDCBEA1FA70E58005B2F01 /* Build configuration list for PBXProject "smim-iOS" */;
			compatibilityVersion = "Xcode 8.0";
			developmentRegion = en;
			hasScannedForEncodings = 0;
			knownRegions = (
				en,
				Base,
			);
			mainGroup = CAEDCBE61FA70E58005B2F01;
			productRefGroup = CAEDCBF01FA70E58005B2F01 /* Products */;
			projectDirPath = "";
			projectRoot = "";
			targets = (
				CAEDCBEE1FA70E58005B2F01 /* smim-iOS */,
				CAEDCC061FA70E58005B2F01 /* smim-iOSTests */,
				CAEDCC111FA70E58005B2F01 /* smim-iOSUITests */,
			);
		};
/* End PBXProject section */

/* Begin PBXResourcesBuildPhase section */
		CAEDCBED1FA70E58005B2F01 /* Resources */ = {
			isa = PBXResourcesBuildPhase;
			buildActionMask = 2147483647;
			files = (
				CAEDCBFF1FA70E58005B2F01 /* LaunchScreen.storyboard in Resources */,
				CAEDCBFC1FA70E58005B2F01 /* Assets.xcassets in Resources */,
				CAEDCC251FA7104E005B2F01 /* README.md in Resources */,
				CAEDCBFA1FA70E58005B2F01 /* Main.storyboard in Resources */,
			);
			runOnlyForDeploymentPostprocessing = 0;
		};
		CAEDCC051FA70E58005B2F01 /* Resources */ = {
			isa = PBXResourcesBuildPhase;
			buildActionMask = 2147483647;
			files = (
			);
			runOnlyForDeploymentPostprocessing = 0;
		};
		CAEDCC101FA70E58005B2F01 /* Resources */ = {
			isa = PBXResourcesBuildPhase;
			buildActionMask = 2147483647;
			files = (
			);
			runOnlyForDeploymentPostprocessing = 0;
		};
/* End PBXResourcesBuildPhase section */

/* Begin PBXShellScriptBuildPhase section */
		1627ABBF6145351AA6141A49 /* [CP] Copy Pods Resources */ = {
			isa = PBXShellScriptBuildPhase;
			buildActionMask = 2147483647;
			files = (
			);
			inputPaths = (
			);
			name = "[CP] Copy Pods Resources";
			outputPaths = (
			);
			runOnlyForDeploymentPostprocessing = 0;
			shellPath = /bin/sh;
			shellScript = "\"${SRCROOT}/Pods/Target Support Files/Pods-smim-iOS/Pods-smim-iOS-resources.sh\"\n";
			showEnvVarsInLog = 0;
		};
		1DE42BD25084B7538575EA9A /* [CP] Check Pods Manifest.lock */ = {
			isa = PBXShellScriptBuildPhase;
			buildActionMask = 2147483647;
			files = (
			);
			inputPaths = (
				"${PODS_PODFILE_DIR_PATH}/Podfile.lock",
				"${PODS_ROOT}/Manifest.lock",
			);
			name = "[CP] Check Pods Manifest.lock";
			outputPaths = (
				"$(DERIVED_FILE_DIR)/Pods-smim-iOSUITests-checkManifestLockResult.txt",
			);
			runOnlyForDeploymentPostprocessing = 0;
			shellPath = /bin/sh;
			shellScript = "diff \"${PODS_PODFILE_DIR_PATH}/Podfile.lock\" \"${PODS_ROOT}/Manifest.lock\" > /dev/null\nif [ $? != 0 ] ; then\n    # print error to STDERR\n    echo \"error: The sandbox is not in sync with the Podfile.lock. Run 'pod install' or update your CocoaPods installation.\" >&2\n    exit 1\nfi\n# This output is used by Xcode 'outputs' to avoid re-running this script phase.\necho \"SUCCESS\" > \"${SCRIPT_OUTPUT_FILE_0}\"\n";
			showEnvVarsInLog = 0;
		};
		4104E6512FA70F570EBD1138 /* [CP] Embed Pods Frameworks */ = {
			isa = PBXShellScriptBuildPhase;
			buildActionMask = 2147483647;
			files = (
			);
			inputPaths = (
			);
			name = "[CP] Embed Pods Frameworks";
			outputPaths = (
			);
			runOnlyForDeploymentPostprocessing = 0;
			shellPath = /bin/sh;
			shellScript = "\"${SRCROOT}/Pods/Target Support Files/Pods-smim-iOSUITests/Pods-smim-iOSUITests-frameworks.sh\"\n";
			showEnvVarsInLog = 0;
		};
		569D79B1F9727AA750F00810 /* [CP] Copy Pods Resources */ = {
			isa = PBXShellScriptBuildPhase;
			buildActionMask = 2147483647;
			files = (
			);
			inputPaths = (
			);
			name = "[CP] Copy Pods Resources";
			outputPaths = (
			);
			runOnlyForDeploymentPostprocessing = 0;
			shellPath = /bin/sh;
			shellScript = "\"${SRCROOT}/Pods/Target Support Files/Pods-smim-iOSTests/Pods-smim-iOSTests-resources.sh\"\n";
			showEnvVarsInLog = 0;
		};
		959CCA372FFD6A723459187D /* [CP] Check Pods Manifest.lock */ = {
			isa = PBXShellScriptBuildPhase;
			buildActionMask = 2147483647;
			files = (
			);
			inputPaths = (
				"${PODS_PODFILE_DIR_PATH}/Podfile.lock",
				"${PODS_ROOT}/Manifest.lock",
			);
			name = "[CP] Check Pods Manifest.lock";
			outputPaths = (
				"$(DERIVED_FILE_DIR)/Pods-smim-iOS-checkManifestLockResult.txt",
			);
			runOnlyForDeploymentPostprocessing = 0;
			shellPath = /bin/sh;
			shellScript = "diff \"${PODS_PODFILE_DIR_PATH}/Podfile.lock\" \"${PODS_ROOT}/Manifest.lock\" > /dev/null\nif [ $? != 0 ] ; then\n    # print error to STDERR\n    echo \"error: The sandbox is not in sync with the Podfile.lock. Run 'pod install' or update your CocoaPods installation.\" >&2\n    exit 1\nfi\n# This output is used by Xcode 'outputs' to avoid re-running this script phase.\necho \"SUCCESS\" > \"${SCRIPT_OUTPUT_FILE_0}\"\n";
			showEnvVarsInLog = 0;
		};
		9990C4C65E95E9E50E437BCC /* [CP] Embed Pods Frameworks */ = {
			isa = PBXShellScriptBuildPhase;
			buildActionMask = 2147483647;
			files = (
			);
			inputPaths = (
			);
			name = "[CP] Embed Pods Frameworks";
			outputPaths = (
			);
			runOnlyForDeploymentPostprocessing = 0;
			shellPath = /bin/sh;
			shellScript = "\"${SRCROOT}/Pods/Target Support Files/Pods-smim-iOSTests/Pods-smim-iOSTests-frameworks.sh\"\n";
			showEnvVarsInLog = 0;
		};
		A1FD859BDC7643F20A41E15E /* [CP] Check Pods Manifest.lock */ = {
			isa = PBXShellScriptBuildPhase;
			buildActionMask = 2147483647;
			files = (
			);
			inputPaths = (
				"${PODS_PODFILE_DIR_PATH}/Podfile.lock",
				"${PODS_ROOT}/Manifest.lock",
			);
			name = "[CP] Check Pods Manifest.lock";
			outputPaths = (
				"$(DERIVED_FILE_DIR)/Pods-smim-iOSTests-checkManifestLockResult.txt",
			);
			runOnlyForDeploymentPostprocessing = 0;
			shellPath = /bin/sh;
			shellScript = "diff \"${PODS_PODFILE_DIR_PATH}/Podfile.lock\" \"${PODS_ROOT}/Manifest.lock\" > /dev/null\nif [ $? != 0 ] ; then\n    # print error to STDERR\n    echo \"error: The sandbox is not in sync with the Podfile.lock. Run 'pod install' or update your CocoaPods installation.\" >&2\n    exit 1\nfi\n# This output is used by Xcode 'outputs' to avoid re-running this script phase.\necho \"SUCCESS\" > \"${SCRIPT_OUTPUT_FILE_0}\"\n";
			showEnvVarsInLog = 0;
		};
		CF32A56D3527299D7A3A022F /* [CP] Embed Pods Frameworks */ = {
			isa = PBXShellScriptBuildPhase;
			buildActionMask = 2147483647;
			files = (
			);
			inputPaths = (
			);
			name = "[CP] Embed Pods Frameworks";
			outputPaths = (
			);
			runOnlyForDeploymentPostprocessing = 0;
			shellPath = /bin/sh;
			shellScript = "\"${SRCROOT}/Pods/Target Support Files/Pods-smim-iOS/Pods-smim-iOS-frameworks.sh\"\n";
			showEnvVarsInLog = 0;
		};
		E16385A5E58D0DE4838A5062 /* [CP] Copy Pods Resources */ = {
			isa = PBXShellScriptBuildPhase;
			buildActionMask = 2147483647;
			files = (
			);
			inputPaths = (
			);
			name = "[CP] Copy Pods Resources";
			outputPaths = (
			);
			runOnlyForDeploymentPostprocessing = 0;
			shellPath = /bin/sh;
			shellScript = "\"${SRCROOT}/Pods/Target Support Files/Pods-smim-iOSUITests/Pods-smim-iOSUITests-resources.sh\"\n";
			showEnvVarsInLog = 0;
		};
/* End PBXShellScriptBuildPhase section */

/* Begin PBXSourcesBuildPhase section */
		CAEDCBEB1FA70E58005B2F01 /* Sources */ = {
			isa = PBXSourcesBuildPhase;
			buildActionMask = 2147483647;
			files = (
				CAEDCBF71FA70E58005B2F01 /* ViewController.m in Sources */,
				CAEDCC021FA70E58005B2F01 /* main.m in Sources */,
				CAEDCC2C1FA710C9005B2F01 /* SMLoginViewController.m in Sources */,
				CAEDCBF41FA70E58005B2F01 /* AppDelegate.m in Sources */,
			);
			runOnlyForDeploymentPostprocessing = 0;
		};
		CAEDCC031FA70E58005B2F01 /* Sources */ = {
			isa = PBXSourcesBuildPhase;
			buildActionMask = 2147483647;
			files = (
				CAEDCC0C1FA70E58005B2F01 /* smim_iOSTests.m in Sources */,
			);
			runOnlyForDeploymentPostprocessing = 0;
		};
		CAEDCC0E1FA70E58005B2F01 /* Sources */ = {
			isa = PBXSourcesBuildPhase;
			buildActionMask = 2147483647;
			files = (
				CAEDCC171FA70E58005B2F01 /* smim_iOSUITests.m in Sources */,
			);
			runOnlyForDeploymentPostprocessing = 0;
		};
/* End PBXSourcesBuildPhase section */

/* Begin PBXTargetDependency section */
		CAEDCC091FA70E58005B2F01 /* PBXTargetDependency */ = {
			isa = PBXTargetDependency;
			target = CAEDCBEE1FA70E58005B2F01 /* smim-iOS */;
			targetProxy = CAEDCC081FA70E58005B2F01 /* PBXContainerItemProxy */;
		};
		CAEDCC141FA70E58005B2F01 /* PBXTargetDependency */ = {
			isa = PBXTargetDependency;
			target = CAEDCBEE1FA70E58005B2F01 /* smim-iOS */;
			targetProxy = CAEDCC131FA70E58005B2F01 /* PBXContainerItemProxy */;
		};
/* End PBXTargetDependency section */

/* Begin PBXVariantGroup section */
		CAEDCBF81FA70E58005B2F01 /* Main.storyboard */ = {
			isa = PBXVariantGroup;
			children = (
				CAEDCBF91FA70E58005B2F01 /* Base */,
			);
			name = Main.storyboard;
			sourceTree = "<group>";
		};
		CAEDCBFD1FA70E58005B2F01 /* LaunchScreen.storyboard */ = {
			isa = PBXVariantGroup;
			children = (
				CAEDCBFE1FA70E58005B2F01 /* Base */,
			);
			name = LaunchScreen.storyboard;
			sourceTree = "<group>";
		};
/* End PBXVariantGroup section */

/* Begin XCBuildConfiguration section */
		CAEDCC191FA70E58005B2F01 /* Debug */ = {
			isa = XCBuildConfiguration;
			buildSettings = {
				ALWAYS_SEARCH_USER_PATHS = NO;
				CLANG_ANALYZER_NONNULL = YES;
				CLANG_ANALYZER_NUMBER_OBJECT_CONVERSION = YES_AGGRESSIVE;
				CLANG_CXX_LANGUAGE_STANDARD = "gnu++14";
				CLANG_CXX_LIBRARY = "libc++";
				CLANG_ENABLE_MODULES = YES;
				CLANG_ENABLE_OBJC_ARC = YES;
				CLANG_WARN_BLOCK_CAPTURE_AUTORELEASING = YES;
				CLANG_WARN_BOOL_CONVERSION = YES;
				CLANG_WARN_COMMA = YES;
				CLANG_WARN_CONSTANT_CONVERSION = YES;
				CLANG_WARN_DIRECT_OBJC_ISA_USAGE = YES_ERROR;
				CLANG_WARN_DOCUMENTATION_COMMENTS = YES;
				CLANG_WARN_EMPTY_BODY = YES;
				CLANG_WARN_ENUM_CONVERSION = YES;
				CLANG_WARN_INFINITE_RECURSION = YES;
				CLANG_WARN_INT_CONVERSION = YES;
				CLANG_WARN_NON_LITERAL_NULL_CONVERSION = YES;
				CLANG_WARN_OBJC_LITERAL_CONVERSION = YES;
				CLANG_WARN_OBJC_ROOT_CLASS = YES_ERROR;
				CLANG_WARN_RANGE_LOOP_ANALYSIS = YES;
				CLANG_WARN_STRICT_PROTOTYPES = YES;
				CLANG_WARN_SUSPICIOUS_MOVE = YES;
				CLANG_WARN_UNGUARDED_AVAILABILITY = YES_AGGRESSIVE;
				CLANG_WARN_UNREACHABLE_CODE = YES;
				CLANG_WARN__DUPLICATE_METHOD_MATCH = YES;
				CODE_SIGN_IDENTITY = "iPhone Developer";
				COPY_PHASE_STRIP = NO;
				DEBUG_INFORMATION_FORMAT = dwarf;
				ENABLE_STRICT_OBJC_MSGSEND = YES;
				ENABLE_TESTABILITY = YES;
				GCC_C_LANGUAGE_STANDARD = gnu11;
				GCC_DYNAMIC_NO_PIC = NO;
				GCC_NO_COMMON_BLOCKS = YES;
				GCC_OPTIMIZATION_LEVEL = 0;
				GCC_PREPROCESSOR_DEFINITIONS = (
					"DEBUG=1",
					"$(inherited)",
				);
				GCC_WARN_64_TO_32_BIT_CONVERSION = YES;
				GCC_WARN_ABOUT_RETURN_TYPE = YES_ERROR;
				GCC_WARN_UNDECLARED_SELECTOR = YES;
				GCC_WARN_UNINITIALIZED_AUTOS = YES_AGGRESSIVE;
				GCC_WARN_UNUSED_FUNCTION = YES;
				GCC_WARN_UNUSED_VARIABLE = YES;
				IPHONEOS_DEPLOYMENT_TARGET = 11.0;
				MTL_ENABLE_DEBUG_INFO = YES;
				ONLY_ACTIVE_ARCH = YES;
				SDKROOT = iphoneos;
			};
			name = Debug;
		};
		CAEDCC1A1FA70E58005B2F01 /* Release */ = {
			isa = XCBuildConfiguration;
			buildSettings = {
				ALWAYS_SEARCH_USER_PATHS = NO;
				CLANG_ANALYZER_NONNULL = YES;
				CLANG_ANALYZER_NUMBER_OBJECT_CONVERSION = YES_AGGRESSIVE;
				CLANG_CXX_LANGUAGE_STANDARD = "gnu++14";
				CLANG_CXX_LIBRARY = "libc++";
				CLANG_ENABLE_MODULES = YES;
				CLANG_ENABLE_OBJC_ARC = YES;
				CLANG_WARN_BLOCK_CAPTURE_AUTORELEASING = YES;
				CLANG_WARN_BOOL_CONVERSION = YES;
				CLANG_WARN_COMMA = YES;
				CLANG_WARN_CONSTANT_CONVERSION = YES;
				CLANG_WARN_DIRECT_OBJC_ISA_USAGE = YES_ERROR;
				CLANG_WARN_DOCUMENTATION_COMMENTS = YES;
				CLANG_WARN_EMPTY_BODY = YES;
				CLANG_WARN_ENUM_CONVERSION = YES;
				CLANG_WARN_INFINITE_RECURSION = YES;
				CLANG_WARN_INT_CONVERSION = YES;
				CLANG_WARN_NON_LITERAL_NULL_CONVERSION = YES;
				CLANG_WARN_OBJC_LITERAL_CONVERSION = YES;
				CLANG_WARN_OBJC_ROOT_CLASS = YES_ERROR;
				CLANG_WARN_RANGE_LOOP_ANALYSIS = YES;
				CLANG_WARN_STRICT_PROTOTYPES = YES;
				CLANG_WARN_SUSPICIOUS_MOVE = YES;
				CLANG_WARN_UNGUARDED_AVAILABILITY = YES_AGGRESSIVE;
				CLANG_WARN_UNREACHABLE_CODE = YES;
				CLANG_WARN__DUPLICATE_METHOD_MATCH = YES;
				CODE_SIGN_IDENTITY = "iPhone Developer";
				COPY_PHASE_STRIP = NO;
				DEBUG_INFORMATION_FORMAT = "dwarf-with-dsym";
				ENABLE_NS_ASSERTIONS = NO;
				ENABLE_STRICT_OBJC_MSGSEND = YES;
				GCC_C_LANGUAGE_STANDARD = gnu11;
				GCC_NO_COMMON_BLOCKS = YES;
				GCC_WARN_64_TO_32_BIT_CONVERSION = YES;
				GCC_WARN_ABOUT_RETURN_TYPE = YES_ERROR;
				GCC_WARN_UNDECLARED_SELECTOR = YES;
				GCC_WARN_UNINITIALIZED_AUTOS = YES_AGGRESSIVE;
				GCC_WARN_UNUSED_FUNCTION = YES;
				GCC_WARN_UNUSED_VARIABLE = YES;
				IPHONEOS_DEPLOYMENT_TARGET = 11.0;
				MTL_ENABLE_DEBUG_INFO = NO;
				SDKROOT = iphoneos;
				VALIDATE_PRODUCT = YES;
			};
			name = Release;
		};
		CAEDCC1C1FA70E58005B2F01 /* Debug */ = {
			isa = XCBuildConfiguration;
			baseConfigurationReference = D9F5AB4D617719F63D91DC13 /* Pods-smim-iOS.debug.xcconfig */;
			buildSettings = {
				ASSETCATALOG_COMPILER_APPICON_NAME = AppIcon;
				CODE_SIGN_STYLE = Automatic;
				DEVELOPMENT_TEAM = HXU23UYV46;
				INFOPLIST_FILE = "smim-iOS/Info.plist";
				LD_RUNPATH_SEARCH_PATHS = "$(inherited) @executable_path/Frameworks";
				PRODUCT_BUNDLE_IDENTIFIER = "com.-dechocolate.smim-iOS";
				PRODUCT_NAME = "$(TARGET_NAME)";
				TARGETED_DEVICE_FAMILY = "1,2";
			};
			name = Debug;
		};
		CAEDCC1D1FA70E58005B2F01 /* Release */ = {
			isa = XCBuildConfiguration;
			baseConfigurationReference = 64B7D6658F448C0E52000968 /* Pods-smim-iOS.release.xcconfig */;
			buildSettings = {
				ASSETCATALOG_COMPILER_APPICON_NAME = AppIcon;
				CODE_SIGN_STYLE = Automatic;
				DEVELOPMENT_TEAM = HXU23UYV46;
				INFOPLIST_FILE = "smim-iOS/Info.plist";
				LD_RUNPATH_SEARCH_PATHS = "$(inherited) @executable_path/Frameworks";
				PRODUCT_BUNDLE_IDENTIFIER = "com.-dechocolate.smim-iOS";
				PRODUCT_NAME = "$(TARGET_NAME)";
				TARGETED_DEVICE_FAMILY = "1,2";
			};
			name = Release;
		};
		CAEDCC1F1FA70E58005B2F01 /* Debug */ = {
			isa = XCBuildConfiguration;
			baseConfigurationReference = B543811A86400D8514604EB8 /* Pods-smim-iOSTests.debug.xcconfig */;
			buildSettings = {
				BUNDLE_LOADER = "$(TEST_HOST)";
				CODE_SIGN_STYLE = Automatic;
				DEVELOPMENT_TEAM = HXU23UYV46;
				INFOPLIST_FILE = "smim-iOSTests/Info.plist";
				LD_RUNPATH_SEARCH_PATHS = "$(inherited) @executable_path/Frameworks @loader_path/Frameworks";
				PRODUCT_BUNDLE_IDENTIFIER = "com.-dechocolate.smim-iOSTests";
				PRODUCT_NAME = "$(TARGET_NAME)";
				TARGETED_DEVICE_FAMILY = "1,2";
				TEST_HOST = "$(BUILT_PRODUCTS_DIR)/smim-iOS.app/smim-iOS";
			};
			name = Debug;
		};
		CAEDCC201FA70E58005B2F01 /* Release */ = {
			isa = XCBuildConfiguration;
			baseConfigurationReference = E0B86DC548AAC6A419A18201 /* Pods-smim-iOSTests.release.xcconfig */;
			buildSettings = {
				BUNDLE_LOADER = "$(TEST_HOST)";
				CODE_SIGN_STYLE = Automatic;
				DEVELOPMENT_TEAM = HXU23UYV46;
				INFOPLIST_FILE = "smim-iOSTests/Info.plist";
				LD_RUNPATH_SEARCH_PATHS = "$(inherited) @executable_path/Frameworks @loader_path/Frameworks";
				PRODUCT_BUNDLE_IDENTIFIER = "com.-dechocolate.smim-iOSTests";
				PRODUCT_NAME = "$(TARGET_NAME)";
				TARGETED_DEVICE_FAMILY = "1,2";
				TEST_HOST = "$(BUILT_PRODUCTS_DIR)/smim-iOS.app/smim-iOS";
			};
			name = Release;
		};
		CAEDCC221FA70E58005B2F01 /* Debug */ = {
			isa = XCBuildConfiguration;
			baseConfigurationReference = 9E360962F9A47D2EB537984B /* Pods-smim-iOSUITests.debug.xcconfig */;
			buildSettings = {
				CODE_SIGN_STYLE = Automatic;
				DEVELOPMENT_TEAM = HXU23UYV46;
				INFOPLIST_FILE = "smim-iOSUITests/Info.plist";
				LD_RUNPATH_SEARCH_PATHS = "$(inherited) @executable_path/Frameworks @loader_path/Frameworks";
				PRODUCT_BUNDLE_IDENTIFIER = "com.-dechocolate.smim-iOSUITests";
				PRODUCT_NAME = "$(TARGET_NAME)";
				TARGETED_DEVICE_FAMILY = "1,2";
				TEST_TARGET_NAME = "smim-iOS";
			};
			name = Debug;
		};
		CAEDCC231FA70E58005B2F01 /* Release */ = {
			isa = XCBuildConfiguration;
			baseConfigurationReference = D0576087E6B3E32AD86DE46B /* Pods-smim-iOSUITests.release.xcconfig */;
			buildSettings = {
				CODE_SIGN_STYLE = Automatic;
				DEVELOPMENT_TEAM = HXU23UYV46;
				INFOPLIST_FILE = "smim-iOSUITests/Info.plist";
				LD_RUNPATH_SEARCH_PATHS = "$(inherited) @executable_path/Frameworks @loader_path/Frameworks";
				PRODUCT_BUNDLE_IDENTIFIER = "com.-dechocolate.smim-iOSUITests";
				PRODUCT_NAME = "$(TARGET_NAME)";
				TARGETED_DEVICE_FAMILY = "1,2";
				TEST_TARGET_NAME = "smim-iOS";
			};
			name = Release;
		};
/* End XCBuildConfiguration section */

/* Begin XCConfigurationList section */
		CAEDCBEA1FA70E58005B2F01 /* Build configuration list for PBXProject "smim-iOS" */ = {
			isa = XCConfigurationList;
			buildConfigurations = (
				CAEDCC191FA70E58005B2F01 /* Debug */,
				CAEDCC1A1FA70E58005B2F01 /* Release */,
			);
			defaultConfigurationIsVisible = 0;
			defaultConfigurationName = Release;
		};
		CAEDCC1B1FA70E58005B2F01 /* Build configuration list for PBXNativeTarget "smim-iOS" */ = {
			isa = XCConfigurationList;
			buildConfigurations = (
				CAEDCC1C1FA70E58005B2F01 /* Debug */,
				CAEDCC1D1FA70E58005B2F01 /* Release */,
			);
			defaultConfigurationIsVisible = 0;
			defaultConfigurationName = Release;
		};
		CAEDCC1E1FA70E58005B2F01 /* Build configuration list for PBXNativeTarget "smim-iOSTests" */ = {
			isa = XCConfigurationList;
			buildConfigurations = (
				CAEDCC1F1FA70E58005B2F01 /* Debug */,
				CAEDCC201FA70E58005B2F01 /* Release */,
			);
			defaultConfigurationIsVisible = 0;
			defaultConfigurationName = Release;
		};
		CAEDCC211FA70E58005B2F01 /* Build configuration list for PBXNativeTarget "smim-iOSUITests" */ = {
			isa = XCConfigurationList;
			buildConfigurations = (
				CAEDCC221FA70E58005B2F01 /* Debug */,
				CAEDCC231FA70E58005B2F01 /* Release */,
			);
			defaultConfigurationIsVisible = 0;
			defaultConfigurationName = Release;
		};
/* End XCConfigurationList section */
	};
	rootObject = CAEDCBE71FA70E58005B2F01 /* Project object */;
}
